// !$*UTF8*$!
{
	archiveVersion = 1;
	classes = {
	};
	objectVersion = 50;
	objects = {

/* Begin PBXBuildFile section */
		A14F75E6215444E4005BDAF4 /* AppDelegate.swift in Sources */ = {isa = PBXBuildFile; fileRef = A14F75E5215444E4005BDAF4 /* AppDelegate.swift */; };
		A14F75EB215444E4005BDAF4 /* Main.storyboard in Resources */ = {isa = PBXBuildFile; fileRef = A14F75E9215444E4005BDAF4 /* Main.storyboard */; };
		A14F75EE215444E4005BDAF4 /* ColdShowers.xcdatamodeld in Sources */ = {isa = PBXBuildFile; fileRef = A14F75EC215444E4005BDAF4 /* ColdShowers.xcdatamodeld */; };
		A14F75F0215444E6005BDAF4 /* Assets.xcassets in Resources */ = {isa = PBXBuildFile; fileRef = A14F75EF215444E6005BDAF4 /* Assets.xcassets */; };
		A14F75F3215444E6005BDAF4 /* LaunchScreen.storyboard in Resources */ = {isa = PBXBuildFile; fileRef = A14F75F1215444E6005BDAF4 /* LaunchScreen.storyboard */; };
		A14F75FE215444E6005BDAF4 /* ColdShowersTests.swift in Sources */ = {isa = PBXBuildFile; fileRef = A14F75FD215444E6005BDAF4 /* ColdShowersTests.swift */; };
		A14F7609215444E6005BDAF4 /* ColdShowersUITests.swift in Sources */ = {isa = PBXBuildFile; fileRef = A14F7608215444E6005BDAF4 /* ColdShowersUITests.swift */; };
		A14F761721544683005BDAF4 /* LoginViewController.swift in Sources */ = {isa = PBXBuildFile; fileRef = A14F761621544683005BDAF4 /* LoginViewController.swift */; };
		A14F7619215446DA005BDAF4 /* HomeScreenViewController.swift in Sources */ = {isa = PBXBuildFile; fileRef = A14F7618215446DA005BDAF4 /* HomeScreenViewController.swift */; };
		A14F761C215447C8005BDAF4 /* ActivityViewController.swift in Sources */ = {isa = PBXBuildFile; fileRef = A14F761B215447C8005BDAF4 /* ActivityViewController.swift */; };
		A14F761E215447ED005BDAF4 /* PostActivityViewController.swift in Sources */ = {isa = PBXBuildFile; fileRef = A14F761D215447ED005BDAF4 /* PostActivityViewController.swift */; };
		A14F76202154480A005BDAF4 /* CalendarViewController.swift in Sources */ = {isa = PBXBuildFile; fileRef = A14F761F2154480A005BDAF4 /* CalendarViewController.swift */; };
		A14F7622215448CB005BDAF4 /* PreferencesViewController.swift in Sources */ = {isa = PBXBuildFile; fileRef = A14F7621215448CB005BDAF4 /* PreferencesViewController.swift */; };
		A14F762421544EFA005BDAF4 /* Activity.storyboard in Resources */ = {isa = PBXBuildFile; fileRef = A14F762321544EFA005BDAF4 /* Activity.storyboard */; };
		A14F762721544F40005BDAF4 /* Login.storyboard in Resources */ = {isa = PBXBuildFile; fileRef = A14F762621544F40005BDAF4 /* Login.storyboard */; };
		F176BF7C2155D73E00C0836B /* Activity.swift in Sources */ = {isa = PBXBuildFile; fileRef = F176BF7B2155D73E00C0836B /* Activity.swift */; };
		F176BF7F2155D8EF00C0836B /* DefaultSet.swift in Sources */ = {isa = PBXBuildFile; fileRef = F176BF7E2155D8EF00C0836B /* DefaultSet.swift */; };
/* End PBXBuildFile section */

/* Begin PBXContainerItemProxy section */
		A14F75FA215444E6005BDAF4 /* PBXContainerItemProxy */ = {
			isa = PBXContainerItemProxy;
			containerPortal = A14F75DA215444E4005BDAF4 /* Project object */;
			proxyType = 1;
			remoteGlobalIDString = A14F75E1215444E4005BDAF4;
			remoteInfo = ColdShowers;
		};
		A14F7605215444E6005BDAF4 /* PBXContainerItemProxy */ = {
			isa = PBXContainerItemProxy;
			containerPortal = A14F75DA215444E4005BDAF4 /* Project object */;
			proxyType = 1;
			remoteGlobalIDString = A14F75E1215444E4005BDAF4;
			remoteInfo = ColdShowers;
		};
/* End PBXContainerItemProxy section */

/* Begin PBXFileReference section */
		A14F75E2215444E4005BDAF4 /* ColdShowers.app */ = {isa = PBXFileReference; explicitFileType = wrapper.application; includeInIndex = 0; path = ColdShowers.app; sourceTree = BUILT_PRODUCTS_DIR; };
		A14F75E5215444E4005BDAF4 /* AppDelegate.swift */ = {isa = PBXFileReference; lastKnownFileType = sourcecode.swift; path = AppDelegate.swift; sourceTree = "<group>"; };
		A14F75EA215444E4005BDAF4 /* Base */ = {isa = PBXFileReference; lastKnownFileType = file.storyboard; name = Base; path = Base.lproj/Main.storyboard; sourceTree = "<group>"; };
		A14F75ED215444E4005BDAF4 /* ColdShowers.xcdatamodel */ = {isa = PBXFileReference; lastKnownFileType = wrapper.xcdatamodel; path = ColdShowers.xcdatamodel; sourceTree = "<group>"; };
		A14F75EF215444E6005BDAF4 /* Assets.xcassets */ = {isa = PBXFileReference; lastKnownFileType = folder.assetcatalog; path = Assets.xcassets; sourceTree = "<group>"; };
		A14F75F2215444E6005BDAF4 /* Base */ = {isa = PBXFileReference; lastKnownFileType = file.storyboard; name = Base; path = Base.lproj/LaunchScreen.storyboard; sourceTree = "<group>"; };
		A14F75F4215444E6005BDAF4 /* Info.plist */ = {isa = PBXFileReference; lastKnownFileType = text.plist.xml; path = Info.plist; sourceTree = "<group>"; };
		A14F75F9215444E6005BDAF4 /* ColdShowersTests.xctest */ = {isa = PBXFileReference; explicitFileType = wrapper.cfbundle; includeInIndex = 0; path = ColdShowersTests.xctest; sourceTree = BUILT_PRODUCTS_DIR; };
		A14F75FD215444E6005BDAF4 /* ColdShowersTests.swift */ = {isa = PBXFileReference; lastKnownFileType = sourcecode.swift; path = ColdShowersTests.swift; sourceTree = "<group>"; };
		A14F75FF215444E6005BDAF4 /* Info.plist */ = {isa = PBXFileReference; lastKnownFileType = text.plist.xml; path = Info.plist; sourceTree = "<group>"; };
		A14F7604215444E6005BDAF4 /* ColdShowersUITests.xctest */ = {isa = PBXFileReference; explicitFileType = wrapper.cfbundle; includeInIndex = 0; path = ColdShowersUITests.xctest; sourceTree = BUILT_PRODUCTS_DIR; };
		A14F7608215444E6005BDAF4 /* ColdShowersUITests.swift */ = {isa = PBXFileReference; lastKnownFileType = sourcecode.swift; path = ColdShowersUITests.swift; sourceTree = "<group>"; };
		A14F760A215444E6005BDAF4 /* Info.plist */ = {isa = PBXFileReference; lastKnownFileType = text.plist.xml; path = Info.plist; sourceTree = "<group>"; };
		A14F761621544683005BDAF4 /* LoginViewController.swift */ = {isa = PBXFileReference; lastKnownFileType = sourcecode.swift; path = LoginViewController.swift; sourceTree = "<group>"; };
		A14F7618215446DA005BDAF4 /* HomeScreenViewController.swift */ = {isa = PBXFileReference; lastKnownFileType = sourcecode.swift; path = HomeScreenViewController.swift; sourceTree = "<group>"; };
		A14F761B215447C8005BDAF4 /* ActivityViewController.swift */ = {isa = PBXFileReference; lastKnownFileType = sourcecode.swift; path = ActivityViewController.swift; sourceTree = "<group>"; };
		A14F761D215447ED005BDAF4 /* PostActivityViewController.swift */ = {isa = PBXFileReference; lastKnownFileType = sourcecode.swift; path = PostActivityViewController.swift; sourceTree = "<group>"; };
		A14F761F2154480A005BDAF4 /* CalendarViewController.swift */ = {isa = PBXFileReference; lastKnownFileType = sourcecode.swift; path = CalendarViewController.swift; sourceTree = "<group>"; };
		A14F7621215448CB005BDAF4 /* PreferencesViewController.swift */ = {isa = PBXFileReference; lastKnownFileType = sourcecode.swift; path = PreferencesViewController.swift; sourceTree = "<group>"; };
		A14F762321544EFA005BDAF4 /* Activity.storyboard */ = {isa = PBXFileReference; lastKnownFileType = file.storyboard; path = Activity.storyboard; sourceTree = "<group>"; };
		A14F762621544F40005BDAF4 /* Login.storyboard */ = {isa = PBXFileReference; lastKnownFileType = file.storyboard; path = Login.storyboard; sourceTree = "<group>"; };
		F176BF7B2155D73E00C0836B /* Activity.swift */ = {isa = PBXFileReference; lastKnownFileType = sourcecode.swift; path = Activity.swift; sourceTree = "<group>"; };
		F176BF7E2155D8EF00C0836B /* DefaultSet.swift */ = {isa = PBXFileReference; lastKnownFileType = sourcecode.swift; path = DefaultSet.swift; sourceTree = "<group>"; };
/* End PBXFileReference section */

/* Begin PBXFrameworksBuildPhase section */
		A14F75DF215444E4005BDAF4 /* Frameworks */ = {
			isa = PBXFrameworksBuildPhase;
			buildActionMask = 2147483647;
			files = (
			);
			runOnlyForDeploymentPostprocessing = 0;
		};
		A14F75F6215444E6005BDAF4 /* Frameworks */ = {
			isa = PBXFrameworksBuildPhase;
			buildActionMask = 2147483647;
			files = (
			);
			runOnlyForDeploymentPostprocessing = 0;
		};
		A14F7601215444E6005BDAF4 /* Frameworks */ = {
			isa = PBXFrameworksBuildPhase;
			buildActionMask = 2147483647;
			files = (
			);
			runOnlyForDeploymentPostprocessing = 0;
		};
/* End PBXFrameworksBuildPhase section */

/* Begin PBXGroup section */
		A14F75D9215444E4005BDAF4 = {
			isa = PBXGroup;
			children = (
				A14F75E4215444E4005BDAF4 /* ColdShowers */,
				A14F75FC215444E6005BDAF4 /* ColdShowersTests */,
				A14F7607215444E6005BDAF4 /* ColdShowersUITests */,
				A14F75E3215444E4005BDAF4 /* Products */,
			);
			sourceTree = "<group>";
		};
		A14F75E3215444E4005BDAF4 /* Products */ = {
			isa = PBXGroup;
			children = (
				A14F75E2215444E4005BDAF4 /* ColdShowers.app */,
				A14F75F9215444E6005BDAF4 /* ColdShowersTests.xctest */,
				A14F7604215444E6005BDAF4 /* ColdShowersUITests.xctest */,
			);
			name = Products;
			sourceTree = "<group>";
		};
		A14F75E4215444E4005BDAF4 /* ColdShowers */ = {
			isa = PBXGroup;
			children = (
				A14F75E5215444E4005BDAF4 /* AppDelegate.swift */,
				F176BF7D2155D74300C0836B /* Models */,
				A14F761A21544709005BDAF4 /* ViewControllers */,
				A14F75EF215444E6005BDAF4 /* Assets.xcassets */,
				A14F762521544F22005BDAF4 /* Storyboards */,
				A14F75F4215444E6005BDAF4 /* Info.plist */,
				A14F75EC215444E4005BDAF4 /* ColdShowers.xcdatamodeld */,
			);
			path = ColdShowers;
			sourceTree = "<group>";
		};
		A14F75FC215444E6005BDAF4 /* ColdShowersTests */ = {
			isa = PBXGroup;
			children = (
				A14F75FD215444E6005BDAF4 /* ColdShowersTests.swift */,
				A14F75FF215444E6005BDAF4 /* Info.plist */,
			);
			path = ColdShowersTests;
			sourceTree = "<group>";
		};
		A14F7607215444E6005BDAF4 /* ColdShowersUITests */ = {
			isa = PBXGroup;
			children = (
				A14F7608215444E6005BDAF4 /* ColdShowersUITests.swift */,
				A14F760A215444E6005BDAF4 /* Info.plist */,
			);
			path = ColdShowersUITests;
			sourceTree = "<group>";
		};
		A14F761A21544709005BDAF4 /* ViewControllers */ = {
			isa = PBXGroup;
			children = (
				A14F761621544683005BDAF4 /* LoginViewController.swift */,
				A14F7618215446DA005BDAF4 /* HomeScreenViewController.swift */,
				A14F7621215448CB005BDAF4 /* PreferencesViewController.swift */,
				A14F761F2154480A005BDAF4 /* CalendarViewController.swift */,
				A14F761B215447C8005BDAF4 /* ActivityViewController.swift */,
				A14F761D215447ED005BDAF4 /* PostActivityViewController.swift */,
			);
			path = ViewControllers;
			sourceTree = "<group>";
		};
		A14F762521544F22005BDAF4 /* Storyboards */ = {
			isa = PBXGroup;
			children = (
				A14F75F1215444E6005BDAF4 /* LaunchScreen.storyboard */,
				A14F762621544F40005BDAF4 /* Login.storyboard */,
				A14F75E9215444E4005BDAF4 /* Main.storyboard */,
				A14F762321544EFA005BDAF4 /* Activity.storyboard */,
			);
			path = Storyboards;
			sourceTree = "<group>";
		};
		F176BF7D2155D74300C0836B /* Models */ = {
			isa = PBXGroup;
			children = (
				F176BF7B2155D73E00C0836B /* Activity.swift */,
				F176BF7E2155D8EF00C0836B /* DefaultSet.swift */,
			);
			path = Models;
			sourceTree = "<group>";
		};
/* End PBXGroup section */

/* Begin PBXNativeTarget section */
		A14F75E1215444E4005BDAF4 /* ColdShowers */ = {
			isa = PBXNativeTarget;
			buildConfigurationList = A14F760D215444E6005BDAF4 /* Build configuration list for PBXNativeTarget "ColdShowers" */;
			buildPhases = (
				A14F75DE215444E4005BDAF4 /* Sources */,
				A14F75DF215444E4005BDAF4 /* Frameworks */,
				A14F75E0215444E4005BDAF4 /* Resources */,
			);
			buildRules = (
			);
			dependencies = (
			);
			name = ColdShowers;
			productName = ColdShowers;
			productReference = A14F75E2215444E4005BDAF4 /* ColdShowers.app */;
			productType = "com.apple.product-type.application";
		};
		A14F75F8215444E6005BDAF4 /* ColdShowersTests */ = {
			isa = PBXNativeTarget;
			buildConfigurationList = A14F7610215444E6005BDAF4 /* Build configuration list for PBXNativeTarget "ColdShowersTests" */;
			buildPhases = (
				A14F75F5215444E6005BDAF4 /* Sources */,
				A14F75F6215444E6005BDAF4 /* Frameworks */,
				A14F75F7215444E6005BDAF4 /* Resources */,
			);
			buildRules = (
			);
			dependencies = (
				A14F75FB215444E6005BDAF4 /* PBXTargetDependency */,
			);
			name = ColdShowersTests;
			productName = ColdShowersTests;
			productReference = A14F75F9215444E6005BDAF4 /* ColdShowersTests.xctest */;
			productType = "com.apple.product-type.bundle.unit-test";
		};
		A14F7603215444E6005BDAF4 /* ColdShowersUITests */ = {
			isa = PBXNativeTarget;
			buildConfigurationList = A14F7613215444E6005BDAF4 /* Build configuration list for PBXNativeTarget "ColdShowersUITests" */;
			buildPhases = (
				A14F7600215444E6005BDAF4 /* Sources */,
				A14F7601215444E6005BDAF4 /* Frameworks */,
				A14F7602215444E6005BDAF4 /* Resources */,
			);
			buildRules = (
			);
			dependencies = (
				A14F7606215444E6005BDAF4 /* PBXTargetDependency */,
			);
			name = ColdShowersUITests;
			productName = ColdShowersUITests;
			productReference = A14F7604215444E6005BDAF4 /* ColdShowersUITests.xctest */;
			productType = "com.apple.product-type.bundle.ui-testing";
		};
/* End PBXNativeTarget section */

/* Begin PBXProject section */
		A14F75DA215444E4005BDAF4 /* Project object */ = {
			isa = PBXProject;
			attributes = {
				LastSwiftUpdateCheck = 0940;
				LastUpgradeCheck = 0940;
				ORGANIZATIONNAME = "Kit Clark-O'Neil";
				TargetAttributes = {
					A14F75E1215444E4005BDAF4 = {
						CreatedOnToolsVersion = 9.4.1;
					};
					A14F75F8215444E6005BDAF4 = {
						CreatedOnToolsVersion = 9.4.1;
						TestTargetID = A14F75E1215444E4005BDAF4;
					};
					A14F7603215444E6005BDAF4 = {
						CreatedOnToolsVersion = 9.4.1;
						TestTargetID = A14F75E1215444E4005BDAF4;
					};
				};
			};
			buildConfigurationList = A14F75DD215444E4005BDAF4 /* Build configuration list for PBXProject "ColdShowers" */;
			compatibilityVersion = "Xcode 9.3";
			developmentRegion = en;
			hasScannedForEncodings = 0;
			knownRegions = (
				en,
				Base,
			);
			mainGroup = A14F75D9215444E4005BDAF4;
			productRefGroup = A14F75E3215444E4005BDAF4 /* Products */;
			projectDirPath = "";
			projectRoot = "";
			targets = (
				A14F75E1215444E4005BDAF4 /* ColdShowers */,
				A14F75F8215444E6005BDAF4 /* ColdShowersTests */,
				A14F7603215444E6005BDAF4 /* ColdShowersUITests */,
			);
		};
/* End PBXProject section */

/* Begin PBXResourcesBuildPhase section */
		A14F75E0215444E4005BDAF4 /* Resources */ = {
			isa = PBXResourcesBuildPhase;
			buildActionMask = 2147483647;
			files = (
				A14F75F3215444E6005BDAF4 /* LaunchScreen.storyboard in Resources */,
				A14F75F0215444E6005BDAF4 /* Assets.xcassets in Resources */,
				A14F75EB215444E4005BDAF4 /* Main.storyboard in Resources */,
				A14F762721544F40005BDAF4 /* Login.storyboard in Resources */,
				A14F762421544EFA005BDAF4 /* Activity.storyboard in Resources */,
			);
			runOnlyForDeploymentPostprocessing = 0;
		};
		A14F75F7215444E6005BDAF4 /* Resources */ = {
			isa = PBXResourcesBuildPhase;
			buildActionMask = 2147483647;
			files = (
			);
			runOnlyForDeploymentPostprocessing = 0;
		};
		A14F7602215444E6005BDAF4 /* Resources */ = {
			isa = PBXResourcesBuildPhase;
			buildActionMask = 2147483647;
			files = (
			);
			runOnlyForDeploymentPostprocessing = 0;
		};
/* End PBXResourcesBuildPhase section */

/* Begin PBXSourcesBuildPhase section */
		A14F75DE215444E4005BDAF4 /* Sources */ = {
			isa = PBXSourcesBuildPhase;
			buildActionMask = 2147483647;
			files = (
				F176BF7F2155D8EF00C0836B /* DefaultSet.swift in Sources */,
				A14F76202154480A005BDAF4 /* CalendarViewController.swift in Sources */,
				A14F761721544683005BDAF4 /* LoginViewController.swift in Sources */,
				A14F7622215448CB005BDAF4 /* PreferencesViewController.swift in Sources */,
				A14F761C215447C8005BDAF4 /* ActivityViewController.swift in Sources */,
				A14F75E6215444E4005BDAF4 /* AppDelegate.swift in Sources */,
				A14F75EE215444E4005BDAF4 /* ColdShowers.xcdatamodeld in Sources */,
				F176BF7C2155D73E00C0836B /* Activity.swift in Sources */,
				A14F7619215446DA005BDAF4 /* HomeScreenViewController.swift in Sources */,
				A14F761E215447ED005BDAF4 /* PostActivityViewController.swift in Sources */,
			);
			runOnlyForDeploymentPostprocessing = 0;
		};
		A14F75F5215444E6005BDAF4 /* Sources */ = {
			isa = PBXSourcesBuildPhase;
			buildActionMask = 2147483647;
			files = (
				A14F75FE215444E6005BDAF4 /* ColdShowersTests.swift in Sources */,
			);
			runOnlyForDeploymentPostprocessing = 0;
		};
		A14F7600215444E6005BDAF4 /* Sources */ = {
			isa = PBXSourcesBuildPhase;
			buildActionMask = 2147483647;
			files = (
				A14F7609215444E6005BDAF4 /* ColdShowersUITests.swift in Sources */,
			);
			runOnlyForDeploymentPostprocessing = 0;
		};
/* End PBXSourcesBuildPhase section */

/* Begin PBXTargetDependency section */
		A14F75FB215444E6005BDAF4 /* PBXTargetDependency */ = {
			isa = PBXTargetDependency;
			target = A14F75E1215444E4005BDAF4 /* ColdShowers */;
			targetProxy = A14F75FA215444E6005BDAF4 /* PBXContainerItemProxy */;
		};
		A14F7606215444E6005BDAF4 /* PBXTargetDependency */ = {
			isa = PBXTargetDependency;
			target = A14F75E1215444E4005BDAF4 /* ColdShowers */;
			targetProxy = A14F7605215444E6005BDAF4 /* PBXContainerItemProxy */;
		};
/* End PBXTargetDependency section */

/* Begin PBXVariantGroup section */
		A14F75E9215444E4005BDAF4 /* Main.storyboard */ = {
			isa = PBXVariantGroup;
			children = (
				A14F75EA215444E4005BDAF4 /* Base */,
			);
			name = Main.storyboard;
			sourceTree = "<group>";
		};
		A14F75F1215444E6005BDAF4 /* LaunchScreen.storyboard */ = {
			isa = PBXVariantGroup;
			children = (
				A14F75F2215444E6005BDAF4 /* Base */,
			);
			name = LaunchScreen.storyboard;
			sourceTree = "<group>";
		};
/* End PBXVariantGroup section */

/* Begin XCBuildConfiguration section */
		A14F760B215444E6005BDAF4 /* Debug */ = {
			isa = XCBuildConfiguration;
			buildSettings = {
				ALWAYS_SEARCH_USER_PATHS = NO;
				CLANG_ANALYZER_NONNULL = YES;
				CLANG_ANALYZER_NUMBER_OBJECT_CONVERSION = YES_AGGRESSIVE;
				CLANG_CXX_LANGUAGE_STANDARD = "gnu++14";
				CLANG_CXX_LIBRARY = "libc++";
				CLANG_ENABLE_MODULES = YES;
				CLANG_ENABLE_OBJC_ARC = YES;
				CLANG_ENABLE_OBJC_WEAK = YES;
				CLANG_WARN_BLOCK_CAPTURE_AUTORELEASING = YES;
				CLANG_WARN_BOOL_CONVERSION = YES;
				CLANG_WARN_COMMA = YES;
				CLANG_WARN_CONSTANT_CONVERSION = YES;
				CLANG_WARN_DEPRECATED_OBJC_IMPLEMENTATIONS = YES;
				CLANG_WARN_DIRECT_OBJC_ISA_USAGE = YES_ERROR;
				CLANG_WARN_DOCUMENTATION_COMMENTS = YES;
				CLANG_WARN_EMPTY_BODY = YES;
				CLANG_WARN_ENUM_CONVERSION = YES;
				CLANG_WARN_INFINITE_RECURSION = YES;
				CLANG_WARN_INT_CONVERSION = YES;
				CLANG_WARN_NON_LITERAL_NULL_CONVERSION = YES;
				CLANG_WARN_OBJC_IMPLICIT_RETAIN_SELF = YES;
				CLANG_WARN_OBJC_LITERAL_CONVERSION = YES;
				CLANG_WARN_OBJC_ROOT_CLASS = YES_ERROR;
				CLANG_WARN_RANGE_LOOP_ANALYSIS = YES;
				CLANG_WARN_STRICT_PROTOTYPES = YES;
				CLANG_WARN_SUSPICIOUS_MOVE = YES;
				CLANG_WARN_UNGUARDED_AVAILABILITY = YES_AGGRESSIVE;
				CLANG_WARN_UNREACHABLE_CODE = YES;
				CLANG_WARN__DUPLICATE_METHOD_MATCH = YES;
				CODE_SIGN_IDENTITY = "iPhone Developer";
				COPY_PHASE_STRIP = NO;
				DEBUG_INFORMATION_FORMAT = dwarf;
				ENABLE_STRICT_OBJC_MSGSEND = YES;
				ENABLE_TESTABILITY = YES;
				GCC_C_LANGUAGE_STANDARD = gnu11;
				GCC_DYNAMIC_NO_PIC = NO;
				GCC_NO_COMMON_BLOCKS = YES;
				GCC_OPTIMIZATION_LEVEL = 0;
				GCC_PREPROCESSOR_DEFINITIONS = (
					"DEBUG=1",
					"$(inherited)",
				);
				GCC_WARN_64_TO_32_BIT_CONVERSION = YES;
				GCC_WARN_ABOUT_RETURN_TYPE = YES_ERROR;
				GCC_WARN_UNDECLARED_SELECTOR = YES;
				GCC_WARN_UNINITIALIZED_AUTOS = YES_AGGRESSIVE;
				GCC_WARN_UNUSED_FUNCTION = YES;
				GCC_WARN_UNUSED_VARIABLE = YES;
				IPHONEOS_DEPLOYMENT_TARGET = 11.4;
				MTL_ENABLE_DEBUG_INFO = YES;
				ONLY_ACTIVE_ARCH = YES;
				SDKROOT = iphoneos;
				SWIFT_ACTIVE_COMPILATION_CONDITIONS = DEBUG;
				SWIFT_OPTIMIZATION_LEVEL = "-Onone";
			};
			name = Debug;
		};
		A14F760C215444E6005BDAF4 /* Release */ = {
			isa = XCBuildConfiguration;
			buildSettings = {
				ALWAYS_SEARCH_USER_PATHS = NO;
				CLANG_ANALYZER_NONNULL = YES;
				CLANG_ANALYZER_NUMBER_OBJECT_CONVERSION = YES_AGGRESSIVE;
				CLANG_CXX_LANGUAGE_STANDARD = "gnu++14";
				CLANG_CXX_LIBRARY = "libc++";
				CLANG_ENABLE_MODULES = YES;
				CLANG_ENABLE_OBJC_ARC = YES;
				CLANG_ENABLE_OBJC_WEAK = YES;
				CLANG_WARN_BLOCK_CAPTURE_AUTORELEASING = YES;
				CLANG_WARN_BOOL_CONVERSION = YES;
				CLANG_WARN_COMMA = YES;
				CLANG_WARN_CONSTANT_CONVERSION = YES;
				CLANG_WARN_DEPRECATED_OBJC_IMPLEMENTATIONS = YES;
				CLANG_WARN_DIRECT_OBJC_ISA_USAGE = YES_ERROR;
				CLANG_WARN_DOCUMENTATION_COMMENTS = YES;
				CLANG_WARN_EMPTY_BODY = YES;
				CLANG_WARN_ENUM_CONVERSION = YES;
				CLANG_WARN_INFINITE_RECURSION = YES;
				CLANG_WARN_INT_CONVERSION = YES;
				CLANG_WARN_NON_LITERAL_NULL_CONVERSION = YES;
				CLANG_WARN_OBJC_IMPLICIT_RETAIN_SELF = YES;
				CLANG_WARN_OBJC_LITERAL_CONVERSION = YES;
				CLANG_WARN_OBJC_ROOT_CLASS = YES_ERROR;
				CLANG_WARN_RANGE_LOOP_ANALYSIS = YES;
				CLANG_WARN_STRICT_PROTOTYPES = YES;
				CLANG_WARN_SUSPICIOUS_MOVE = YES;
				CLANG_WARN_UNGUARDED_AVAILABILITY = YES_AGGRESSIVE;
				CLANG_WARN_UNREACHABLE_CODE = YES;
				CLANG_WARN__DUPLICATE_METHOD_MATCH = YES;
				CODE_SIGN_IDENTITY = "iPhone Developer";
				COPY_PHASE_STRIP = NO;
				DEBUG_INFORMATION_FORMAT = "dwarf-with-dsym";
				ENABLE_NS_ASSERTIONS = NO;
				ENABLE_STRICT_OBJC_MSGSEND = YES;
				GCC_C_LANGUAGE_STANDARD = gnu11;
				GCC_NO_COMMON_BLOCKS = YES;
				GCC_WARN_64_TO_32_BIT_CONVERSION = YES;
				GCC_WARN_ABOUT_RETURN_TYPE = YES_ERROR;
				GCC_WARN_UNDECLARED_SELECTOR = YES;
				GCC_WARN_UNINITIALIZED_AUTOS = YES_AGGRESSIVE;
				GCC_WARN_UNUSED_FUNCTION = YES;
				GCC_WARN_UNUSED_VARIABLE = YES;
				IPHONEOS_DEPLOYMENT_TARGET = 11.4;
				MTL_ENABLE_DEBUG_INFO = NO;
				SDKROOT = iphoneos;
				SWIFT_COMPILATION_MODE = wholemodule;
				SWIFT_OPTIMIZATION_LEVEL = "-O";
				VALIDATE_PRODUCT = YES;
			};
			name = Release;
		};
		A14F760E215444E6005BDAF4 /* Debug */ = {
			isa = XCBuildConfiguration;
			buildSettings = {
				ASSETCATALOG_COMPILER_APPICON_NAME = AppIcon;
				CODE_SIGN_STYLE = Automatic;
				INFOPLIST_FILE = ColdShowers/Info.plist;
				LD_RUNPATH_SEARCH_PATHS = (
					"$(inherited)",
					"@executable_path/Frameworks",
				);
				PRODUCT_BUNDLE_IDENTIFIER = Sure.ColdShowers;
				PRODUCT_NAME = "$(TARGET_NAME)";
				SWIFT_VERSION = 4.0;
				TARGETED_DEVICE_FAMILY = "1,2";
			};
			name = Debug;
		};
		A14F760F215444E6005BDAF4 /* Release */ = {
			isa = XCBuildConfiguration;
			buildSettings = {
				ASSETCATALOG_COMPILER_APPICON_NAME = AppIcon;
				CODE_SIGN_STYLE = Automatic;
				INFOPLIST_FILE = ColdShowers/Info.plist;
				LD_RUNPATH_SEARCH_PATHS = (
					"$(inherited)",
					"@executable_path/Frameworks",
				);
				PRODUCT_BUNDLE_IDENTIFIER = Sure.ColdShowers;
				PRODUCT_NAME = "$(TARGET_NAME)";
				SWIFT_VERSION = 4.0;
				TARGETED_DEVICE_FAMILY = "1,2";
			};
			name = Release;
		};
		A14F7611215444E6005BDAF4 /* Debug */ = {
			isa = XCBuildConfiguration;
			buildSettings = {
				ALWAYS_EMBED_SWIFT_STANDARD_LIBRARIES = YES;
				BUNDLE_LOADER = "$(TEST_HOST)";
				CODE_SIGN_STYLE = Automatic;
				INFOPLIST_FILE = ColdShowersTests/Info.plist;
				LD_RUNPATH_SEARCH_PATHS = (
					"$(inherited)",
					"@executable_path/Frameworks",
					"@loader_path/Frameworks",
				);
				PRODUCT_BUNDLE_IDENTIFIER = Sure.ColdShowersTests;
				PRODUCT_NAME = "$(TARGET_NAME)";
				SWIFT_VERSION = 4.0;
				TARGETED_DEVICE_FAMILY = "1,2";
				TEST_HOST = "$(BUILT_PRODUCTS_DIR)/ColdShowers.app/ColdShowers";
			};
			name = Debug;
		};
		A14F7612215444E6005BDAF4 /* Release */ = {
			isa = XCBuildConfiguration;
			buildSettings = {
				ALWAYS_EMBED_SWIFT_STANDARD_LIBRARIES = YES;
				BUNDLE_LOADER = "$(TEST_HOST)";
				CODE_SIGN_STYLE = Automatic;
				INFOPLIST_FILE = ColdShowersTests/Info.plist;
				LD_RUNPATH_SEARCH_PATHS = (
					"$(inherited)",
					"@executable_path/Frameworks",
					"@loader_path/Frameworks",
				);
				PRODUCT_BUNDLE_IDENTIFIER = Sure.ColdShowersTests;
				PRODUCT_NAME = "$(TARGET_NAME)";
				SWIFT_VERSION = 4.0;
				TARGETED_DEVICE_FAMILY = "1,2";
				TEST_HOST = "$(BUILT_PRODUCTS_DIR)/ColdShowers.app/ColdShowers";
			};
			name = Release;
		};
		A14F7614215444E6005BDAF4 /* Debug */ = {
			isa = XCBuildConfiguration;
			buildSettings = {
				ALWAYS_EMBED_SWIFT_STANDARD_LIBRARIES = YES;
				CODE_SIGN_STYLE = Automatic;
				INFOPLIST_FILE = ColdShowersUITests/Info.plist;
				LD_RUNPATH_SEARCH_PATHS = (
					"$(inherited)",
					"@executable_path/Frameworks",
					"@loader_path/Frameworks",
				);
				PRODUCT_BUNDLE_IDENTIFIER = Sure.ColdShowersUITests;
				PRODUCT_NAME = "$(TARGET_NAME)";
				SWIFT_VERSION = 4.0;
				TARGETED_DEVICE_FAMILY = "1,2";
				TEST_TARGET_NAME = ColdShowers;
			};
			name = Debug;
		};
		A14F7615215444E6005BDAF4 /* Release */ = {
			isa = XCBuildConfiguration;
			buildSettings = {
				ALWAYS_EMBED_SWIFT_STANDARD_LIBRARIES = YES;
				CODE_SIGN_STYLE = Automatic;
				INFOPLIST_FILE = ColdShowersUITests/Info.plist;
				LD_RUNPATH_SEARCH_PATHS = (
					"$(inherited)",
					"@executable_path/Frameworks",
					"@loader_path/Frameworks",
				);
				PRODUCT_BUNDLE_IDENTIFIER = Sure.ColdShowersUITests;
				PRODUCT_NAME = "$(TARGET_NAME)";
				SWIFT_VERSION = 4.0;
				TARGETED_DEVICE_FAMILY = "1,2";
				TEST_TARGET_NAME = ColdShowers;
			};
			name = Release;
		};
/* End XCBuildConfiguration section */

/* Begin XCConfigurationList section */
		A14F75DD215444E4005BDAF4 /* Build configuration list for PBXProject "ColdShowers" */ = {
			isa = XCConfigurationList;
			buildConfigurations = (
				A14F760B215444E6005BDAF4 /* Debug */,
				A14F760C215444E6005BDAF4 /* Release */,
			);
			defaultConfigurationIsVisible = 0;
			defaultConfigurationName = Release;
		};
		A14F760D215444E6005BDAF4 /* Build configuration list for PBXNativeTarget "ColdShowers" */ = {
			isa = XCConfigurationList;
			buildConfigurations = (
				A14F760E215444E6005BDAF4 /* Debug */,
				A14F760F215444E6005BDAF4 /* Release */,
			);
			defaultConfigurationIsVisible = 0;
			defaultConfigurationName = Release;
		};
		A14F7610215444E6005BDAF4 /* Build configuration list for PBXNativeTarget "ColdShowersTests" */ = {
			isa = XCConfigurationList;
			buildConfigurations = (
				A14F7611215444E6005BDAF4 /* Debug */,
				A14F7612215444E6005BDAF4 /* Release */,
			);
			defaultConfigurationIsVisible = 0;
			defaultConfigurationName = Release;
		};
		A14F7613215444E6005BDAF4 /* Build configuration list for PBXNativeTarget "ColdShowersUITests" */ = {
			isa = XCConfigurationList;
			buildConfigurations = (
				A14F7614215444E6005BDAF4 /* Debug */,
				A14F7615215444E6005BDAF4 /* Release */,
			);
			defaultConfigurationIsVisible = 0;
			defaultConfigurationName = Release;
		};
/* End XCConfigurationList section */

/* Begin XCVersionGroup section */
		A14F75EC215444E4005BDAF4 /* ColdShowers.xcdatamodeld */ = {
			isa = XCVersionGroup;
			children = (
				A14F75ED215444E4005BDAF4 /* ColdShowers.xcdatamodel */,
			);
			currentVersion = A14F75ED215444E4005BDAF4 /* ColdShowers.xcdatamodel */;
			path = ColdShowers.xcdatamodeld;
			sourceTree = "<group>";
			versionGroupType = wrapper.xcdatamodel;
		};
/* End XCVersionGroup section */
	};
	rootObject = A14F75DA215444E4005BDAF4 /* Project object */;
}
